
Microsoft Visual Studio Solution File, Format Version 12.00
# Visual Studio Version 17
VisualStudioVersion = 17.10.34928.147
MinimumVisualStudioVersion = 10.0.40219.1
Project("{9A19103F-16F7-4668-BE54-9A1E7A4F7556}") = "NLayer.Core", "NLayer.Core\NLayer.Core.csproj", "{065750CB-68EF-45D0-84CC-E646BB8F40E5}"
EndProject
Project("{9A19103F-16F7-4668-BE54-9A1E7A4F7556}") = "NLayer.Repository", "NLayer.Repository\NLayer.Repository.csproj", "{945AC762-C3A5-4F51-A299-E3A21D69B700}"
EndProject
Project("{9A19103F-16F7-4668-BE54-9A1E7A4F7556}") = "NLayer.Service", "NLayer.Service\NLayer.Service.csproj", "{B85104DD-3207-4E7A-A2EC-BE4786891853}"
EndProject
Project("{9A19103F-16F7-4668-BE54-9A1E7A4F7556}") = "NLayer.API", "NLayer.API\NLayer.API.csproj", "{2302C606-2D46-40EF-AE6A-767C88173DE3}"
EndProject
Global
	GlobalSection(SolutionConfigurationPlatforms) = preSolution
		Debug|Any CPU = Debug|Any CPU
		Release|Any CPU = Release|Any CPU
	EndGlobalSection
	GlobalSection(ProjectConfigurationPlatforms) = postSolution
		{065750CB-68EF-45D0-84CC-E646BB8F40E5}.Debug|Any CPU.ActiveCfg = Debug|Any CPU
		{065750CB-68EF-45D0-84CC-E646BB8F40E5}.Debug|Any CPU.Build.0 = Debug|Any CPU
		{065750CB-68EF-45D0-84CC-E646BB8F40E5}.Release|Any CPU.ActiveCfg = Release|Any CPU
		{065750CB-68EF-45D0-84CC-E646BB8F40E5}.Release|Any CPU.Build.0 = Release|Any CPU
		{945AC762-C3A5-4F51-A299-E3A21D69B700}.Debug|Any CPU.ActiveCfg = Debug|Any CPU
		{945AC762-C3A5-4F51-A299-E3A21D69B700}.Debug|Any CPU.Build.0 = Debug|Any CPU
		{945AC762-C3A5-4F51-A299-E3A21D69B700}.Release|Any CPU.ActiveCfg = Release|Any CPU
		{945AC762-C3A5-4F51-A299-E3A21D69B700}.Release|Any CPU.Build.0 = Release|Any CPU
		{B85104DD-3207-4E7A-A2EC-BE4786891853}.Debug|Any CPU.ActiveCfg = Debug|Any CPU
		{B85104DD-3207-4E7A-A2EC-BE4786891853}.Debug|Any CPU.Build.0 = Debug|Any CPU
		{B85104DD-3207-4E7A-A2EC-BE4786891853}.Release|Any CPU.ActiveCfg = Release|Any CPU
		{B85104DD-3207-4E7A-A2EC-BE4786891853}.Release|Any CPU.Build.0 = Release|Any CPU
		{2302C606-2D46-40EF-AE6A-767C88173DE3}.Debug|Any CPU.ActiveCfg = Debug|Any CPU
		{2302C606-2D46-40EF-AE6A-767C88173DE3}.Debug|Any CPU.Build.0 = Debug|Any CPU
		{2302C606-2D46-40EF-AE6A-767C88173DE3}.Release|Any CPU.ActiveCfg = Release|Any CPU
		{2302C606-2D46-40EF-AE6A-767C88173DE3}.Release|Any CPU.Build.0 = Release|Any CPU
	EndGlobalSection
	GlobalSection(SolutionProperties) = preSolution
		HideSolutionNode = FALSE
	EndGlobalSection
	GlobalSection(ExtensibilityGlobals) = postSolution
		SolutionGuid = {80F13A1B-B8A0-4544-9241-03DC38D14119}
	EndGlobalSection
EndGlobal
